<?xml version="1.0" encoding="utf-8"?>
<Project ToolsVersion="4.0" xmlns="http://schemas.microsoft.com/developer/msbuild/2003">
  <ItemGroup>
    <Filter Include="ソース ファイル">
      <UniqueIdentifier>{4FC737F1-C7A5-4376-A066-2A32D752A2FF}</UniqueIdentifier>
      <Extensions>cpp;c;cc;cxx;c++;cppm;ixx;def;odl;idl;hpj;bat;asm;asmx</Extensions>
    </Filter>
    <Filter Include="ヘッダー ファイル">
      <UniqueIdentifier>{93995380-89BD-4b04-88EB-625FBE52EBFB}</UniqueIdentifier>
      <Extensions>h;hh;hpp;hxx;h++;hm;inl;inc;ipp;xsd</Extensions>
    </Filter>
    <Filter Include="リソース ファイル">
      <UniqueIdentifier>{67DA6AB6-F800-4c08-8B7A-83BB121AAD01}</UniqueIdentifier>
      <Extensions>rc;ico;cur;bmp;dlg;rc2;rct;bin;rgs;gif;jpg;jpeg;jpe;resx;tiff;tif;png;wav;mfcribbon-ms</Extensions>
    </Filter>
    <Filter Include="ヘッダー ファイル\Common">
      <UniqueIdentifier>{6ba01998-dfbe-4a10-a70d-72f44f6fed47}</UniqueIdentifier>
    </Filter>
    <Filter Include="ソース ファイル\Common">
      <UniqueIdentifier>{8a425cd7-00c3-4237-ad4b-549e13c02a64}</UniqueIdentifier>
    </Filter>
    <Filter Include="ヘッダー ファイル\Externals">
      <UniqueIdentifier>{58f8b613-6c5c-4bed-815a-191afd9d3c09}</UniqueIdentifier>
    </Filter>
    <Filter Include="ヘッダー ファイル\Externals\imgui">
      <UniqueIdentifier>{c96fe08c-a65b-439c-b960-35ed724be372}</UniqueIdentifier>
    </Filter>
    <Filter Include="ヘッダー ファイル\Externals\nvidia_volk">
      <UniqueIdentifier>{56a294a1-3df8-4215-abbb-b2af314afc8b}</UniqueIdentifier>
    </Filter>
    <Filter Include="ソース ファイル\Externals">
      <UniqueIdentifier>{ece58f70-8117-45ea-b65e-b1e9c4ddfe64}</UniqueIdentifier>
    </Filter>
    <Filter Include="ソース ファイル\Externals\imgui">
      <UniqueIdentifier>{f5b24807-a292-4e81-b994-dc6dcb57ce0f}</UniqueIdentifier>
    </Filter>
    <Filter Include="ソース ファイル\Externals\nvidia_volk">
      <UniqueIdentifier>{7b531ad5-ffb6-4580-a962-14def0e33ae8}</UniqueIdentifier>
    </Filter>
    <Filter Include="shaders">
      <UniqueIdentifier>{db778d09-ff07-4694-b99e-2bf119fe5a03}</UniqueIdentifier>
    </Filter>
    <Filter Include="ソース ファイル\Common\scene">
      <UniqueIdentifier>{3143da88-188b-4a8f-8c1a-0cc6dc3e1477}</UniqueIdentifier>
    </Filter>
    <Filter Include="ヘッダー ファイル\Common\scene">
      <UniqueIdentifier>{8df53654-6545-4971-b3b4-cb5afe4959aa}</UniqueIdentifier>
    </Filter>
    <Filter Include="ソース ファイル\Common\util">
      <UniqueIdentifier>{3c45425e-2d99-4a88-8585-588332abcf5a}</UniqueIdentifier>
    </Filter>
  </ItemGroup>
  <ItemGroup>
    <ClCompile Include="Main.cpp">
      <Filter>ソース ファイル</Filter>
    </ClCompile>
    <ClCompile Include="IntersectionScene.cpp">
      <Filter>ソース ファイル</Filter>
    </ClCompile>
    <ClCompile Include="..\Common\src\GraphicsDevice.cpp">
      <Filter>ソース ファイル\Common</Filter>
    </ClCompile>
    <ClCompile Include="..\Common\src\VkrayBookUtility.cpp">
      <Filter>ソース ファイル\Common</Filter>
    </ClCompile>
    <ClCompile Include="..\Common\src\AccelerationStructure.cpp">
      <Filter>ソース ファイル\Common</Filter>
    </ClCompile>
    <ClCompile Include="..\Common\src\BookFramework.cpp">
      <Filter>ソース ファイル\Common</Filter>
    </ClCompile>
    <ClCompile Include="..\Externals\imgui\imgui_tables.cpp">
      <Filter>ソース ファイル\Externals\imgui</Filter>
    </ClCompile>
    <ClCompile Include="..\Externals\imgui\imgui_widgets.cpp">
      <Filter>ソース ファイル\Externals\imgui</Filter>
    </ClCompile>
    <ClCompile Include="..\Externals\imgui\imgui.cpp">
      <Filter>ソース ファイル\Externals\imgui</Filter>
    </ClCompile>
    <ClCompile Include="..\Externals\imgui\imgui_draw.cpp">
      <Filter>ソース ファイル\Externals\imgui</Filter>
    </ClCompile>
    <ClCompile Include="..\Externals\imgui\backends\imgui_impl_glfw.cpp">
      <Filter>ソース ファイル\Externals\imgui</Filter>
    </ClCompile>
    <ClCompile Include="..\Externals\imgui\backends\imgui_impl_vulkan.cpp">
      <Filter>ソース ファイル\Externals\imgui</Filter>
    </ClCompile>
    <ClCompile Include="..\Externals\nvidia_volk\extensions_vk.cpp">
      <Filter>ソース ファイル\Externals\nvidia_volk</Filter>
    </ClCompile>
    <ClCompile Include="..\Common\src\ShaderGroupHelper.cpp">
      <Filter>ソース ファイル\Common</Filter>
    </ClCompile>
    <ClCompile Include="..\Common\src\scene\SceneObject.cpp">
      <Filter>ソース ファイル\Common\scene</Filter>
    </ClCompile>
    <ClCompile Include="..\Common\src\scene\SimplePolygonMesh.cpp">
      <Filter>ソース ファイル\Common\scene</Filter>
    </ClCompile>
    <ClCompile Include="..\Common\src\scene\ProcedualMesh.cpp">
      <Filter>ソース ファイル\Common\scene</Filter>
    </ClCompile>
    <ClCompile Include="..\Common\src\Camera.cpp">
      <Filter>ソース ファイル\Common\util</Filter>
    </ClCompile>
    <ClCompile Include="..\Common\src\MaterialManager.cpp">
      <Filter>ソース ファイル\Common</Filter>
    </ClCompile>
  </ItemGroup>
  <ItemGroup>
    <ClInclude Include="IntersectionScene.h">
      <Filter>ヘッダー ファイル</Filter>
    </ClInclude>
    <ClInclude Include="..\Common\include\GraphicsDevice.h">
      <Filter>ヘッダー ファイル\Common</Filter>
    </ClInclude>
    <ClInclude Include="..\Common\include\VkrayBookUtility.h">
      <Filter>ヘッダー ファイル\Common</Filter>
    </ClInclude>
    <ClInclude Include="..\Common\include\AccelerationStructure.h">
      <Filter>ヘッダー ファイル\Common</Filter>
    </ClInclude>
    <ClInclude Include="..\Common\include\BookFramework.h">
      <Filter>ヘッダー ファイル\Common</Filter>
    </ClInclude>
    <ClInclude Include="..\Common\include\Camera.h">
      <Filter>ヘッダー ファイル\Common</Filter>
    </ClInclude>
    <ClInclude Include="..\Externals\imgui\imstb_textedit.h">
      <Filter>ヘッダー ファイル\Externals\imgui</Filter>
    </ClInclude>
    <ClInclude Include="..\Externals\imgui\imstb_truetype.h">
      <Filter>ヘッダー ファイル\Externals\imgui</Filter>
    </ClInclude>
    <ClInclude Include="..\Externals\imgui\imconfig.h">
      <Filter>ヘッダー ファイル\Externals\imgui</Filter>
    </ClInclude>
    <ClInclude Include="..\Externals\imgui\imgui.h">
      <Filter>ヘッダー ファイル\Externals\imgui</Filter>
    </ClInclude>
    <ClInclude Include="..\Externals\imgui\imgui_internal.h">
      <Filter>ヘッダー ファイル\Externals\imgui</Filter>
    </ClInclude>
    <ClInclude Include="..\Externals\imgui\imstb_rectpack.h">
      <Filter>ヘッダー ファイル\Externals\imgui</Filter>
    </ClInclude>
    <ClInclude Include="..\Externals\imgui\backends\imgui_impl_vulkan.h">
      <Filter>ヘッダー ファイル\Externals\imgui</Filter>
    </ClInclude>
    <ClInclude Include="..\Externals\imgui\backends\imgui_impl_glfw.h">
      <Filter>ヘッダー ファイル\Externals\imgui</Filter>
    </ClInclude>
    <ClInclude Include="..\Externals\nvidia_volk\extensions_vk.hpp">
      <Filter>ヘッダー ファイル\Externals\nvidia_volk</Filter>
    </ClInclude>
    <ClInclude Include="..\Common\include\ShaderGroupHelper.h">
      <Filter>ヘッダー ファイル\Common</Filter>
    </ClInclude>
    <ClInclude Include="..\Common\include\scene\ProcedualMesh.h">
      <Filter>ヘッダー ファイル\Common\scene</Filter>
    </ClInclude>
    <ClInclude Include="..\Common\include\scene\SceneObject.h">
      <Filter>ヘッダー ファイル\Common\scene</Filter>
    </ClInclude>
    <ClInclude Include="..\Common\include\scene\SimplePolygonMesh.h">
      <Filter>ヘッダー ファイル\Common\scene</Filter>
    </ClInclude>
    <ClInclude Include="..\Common\include\MaterialManager.h">
      <Filter>ヘッダー ファイル\Common</Filter>
    </ClInclude>
  </ItemGroup>
  <ItemGroup>
    <None Include="packages.config" />
    <None Include="shaders\intersectAABB.rint">
      <Filter>shaders</Filter>
    </None>
    <None Include="shaders\rtcommon.glsl">
      <Filter>shaders</Filter>
    </None>
    <None Include="shaders\chitPlane.rchit">
      <Filter>shaders</Filter>
    </None>
    <None Include="shaders\ahitFence.rahit">
      <Filter>shaders</Filter>
    </None>
    <None Include="shaders\intersectSDF.rint">
      <Filter>shaders</Filter>
    </None>
    <None Include="shaders\chitAABB.rchit">
      <Filter>shaders</Filter>
    </None>
    <None Include="shaders\chitSDF.rchit">
      <Filter>shaders</Filter>
    </None>
    <None Include="shaders\raygen.rgen">
      <Filter>shaders</Filter>
    </None>
    <None Include="shaders\miss.rmiss">
      <Filter>shaders</Filter>
    </None>
    <None Include="shaders\shadowMiss.rmiss">
      <Filter>shaders</Filter>
    </None>
    <None Include="shaders\fetchVertex.glsl">
      <Filter>shaders</Filter>
    </None>
    <None Include="shaders\rayhitPayload.glsl">
      <Filter>shaders</Filter>
    </None>
    <None Include="shaders\shootSecondRays.glsl">
      <Filter>shaders</Filter>
    </None>
    <None Include="shaders\calcLighting.glsl">
      <Filter>shaders</Filter>
    </None>
  </ItemGroup>
</Project>