
Microsoft Visual Studio Solution File, Format Version 12.00
# Visual Studio Version 16
VisualStudioVersion = 16.0.31702.278
MinimumVisualStudioVersion = 10.0.40219.1
Project("{8BC9CEB8-8B4A-11D0-8D11-00A0C91BC942}") = "01_HelloTriangle", "01_HelloTriangle.vcxproj", "{3035E70C-8234-4608-9690-3536F686DCAD}"
EndProject
Global
	GlobalSection(SolutionConfigurationPlatforms) = preSolution
		Debug|x64 = Debug|x64
		Release|x64 = Release|x64
	EndGlobalSection
	GlobalSection(ProjectConfigurationPlatforms) = postSolution
		{3035E70C-8234-4608-9690-3536F686DCAD}.Debug|x64.ActiveCfg = Debug|x64
		{3035E70C-8234-4608-9690-3536F686DCAD}.Debug|x64.Build.0 = Debug|x64
		{3035E70C-8234-4608-9690-3536F686DCAD}.Release|x64.ActiveCfg = Release|x64
		{3035E70C-8234-4608-9690-3536F686DCAD}.Release|x64.Build.0 = Release|x64
	EndGlobalSection
	GlobalSection(SolutionProperties) = preSolution
		HideSolutionNode = FALSE
	EndGlobalSection
	GlobalSection(ExtensibilityGlobals) = postSolution
		SolutionGuid = {CE8DF6B3-471C-452D-8A03-DD5FB2F9910E}
	EndGlobalSection
EndGlobal
